
Microsoft Visual Studio Solution File, Format Version 10.00
# Visual Studio 2008
Project("{F184B08F-C81C-45F6-A57F-5ABD9991F28F}") = "Text Editing", "Text Editing\Text Editing.vbproj", "{F56AEE55-4B74-4AB6-9128-00E908D5576D}"
EndProject
Global
	GlobalSection(SolutionConfigurationPlatforms) = preSolution
		Debug|Any CPU = Debug|Any CPU
		Release|Any CPU = Release|Any CPU
	EndGlobalSection
	GlobalSection(ProjectConfigurationPlatforms) = postSolution
		{F56AEE55-4B74-4AB6-9128-00E908D5576D}.Debug|Any CPU.ActiveCfg = Debug|Any CPU
		{F56AEE55-4B74-4AB6-9128-00E908D5576D}.Debug|Any CPU.Build.0 = Debug|Any CPU
		{F56AEE55-4B74-4AB6-9128-00E908D5576D}.Release|Any CPU.ActiveCfg = Release|Any CPU
		{F56AEE55-4B74-4AB6-9128-00E908D5576D}.Release|Any CPU.Build.0 = Release|Any CPU
	EndGlobalSection
	GlobalSection(SolutionProperties) = preSolution
		HideSolutionNode = FALSE
	EndGlobalSection
EndGlobal
