
Microsoft Visual Studio Solution File, Format Version 10.00
# Visual Studio 2008
Project("{F184B08F-C81C-45F6-A57F-5ABD9991F28F}") = "Roslyn Park College", "Roslyn Park College\Roslyn Park College.vbproj", "{F992FAE4-3C98-4459-8E6B-17B0AC6B632C}"
EndProject
Global
	GlobalSection(SolutionConfigurationPlatforms) = preSolution
		Debug|Any CPU = Debug|Any CPU
		Release|Any CPU = Release|Any CPU
	EndGlobalSection
	GlobalSection(ProjectConfigurationPlatforms) = postSolution
		{F992FAE4-3C98-4459-8E6B-17B0AC6B632C}.Debug|Any CPU.ActiveCfg = Debug|Any CPU
		{F992FAE4-3C98-4459-8E6B-17B0AC6B632C}.Debug|Any CPU.Build.0 = Debug|Any CPU
		{F992FAE4-3C98-4459-8E6B-17B0AC6B632C}.Release|Any CPU.ActiveCfg = Release|Any CPU
		{F992FAE4-3C98-4459-8E6B-17B0AC6B632C}.Release|Any CPU.Build.0 = Release|Any CPU
	EndGlobalSection
	GlobalSection(SolutionProperties) = preSolution
		HideSolutionNode = FALSE
	EndGlobalSection
EndGlobal
