
Microsoft Visual Studio Solution File, Format Version 10.00
# Visual Studio 2008
Project("{F184B08F-C81C-45F6-A57F-5ABD9991F28F}") = "Dunnes Stores", "Dunnes Stores\Dunnes Stores.vbproj", "{3D6DD174-F6A0-4909-81F1-C8D2C8E324F7}"
EndProject
Global
	GlobalSection(SolutionConfigurationPlatforms) = preSolution
		Debug|Any CPU = Debug|Any CPU
		Release|Any CPU = Release|Any CPU
	EndGlobalSection
	GlobalSection(ProjectConfigurationPlatforms) = postSolution
		{3D6DD174-F6A0-4909-81F1-C8D2C8E324F7}.Debug|Any CPU.ActiveCfg = Debug|Any CPU
		{3D6DD174-F6A0-4909-81F1-C8D2C8E324F7}.Debug|Any CPU.Build.0 = Debug|Any CPU
		{3D6DD174-F6A0-4909-81F1-C8D2C8E324F7}.Release|Any CPU.ActiveCfg = Release|Any CPU
		{3D6DD174-F6A0-4909-81F1-C8D2C8E324F7}.Release|Any CPU.Build.0 = Release|Any CPU
	EndGlobalSection
	GlobalSection(SolutionProperties) = preSolution
		HideSolutionNode = FALSE
	EndGlobalSection
EndGlobal
